
Microsoft Visual Studio Solution File, Format Version 12.00
# Visual Studio Version 17
VisualStudioVersion = 17.9.34607.119
MinimumVisualStudioVersion = 10.0.40219.1
Project("{FAE04EC0-301F-11D3-BF4B-00C04F79EFBC}") = "Ejemplo pilas y rcursividad", "Ejemplo pilas y rcursividad.csproj", "{F250457F-FBAD-4CDF-A770-EF9F9575F6BA}"
EndProject
Global
	GlobalSection(SolutionConfigurationPlatforms) = preSolution
		Debug|Any CPU = Debug|Any CPU
		Release|Any CPU = Release|Any CPU
	EndGlobalSection
	GlobalSection(ProjectConfigurationPlatforms) = postSolution
		{F250457F-FBAD-4CDF-A770-EF9F9575F6BA}.Debug|Any CPU.ActiveCfg = Debug|Any CPU
		{F250457F-FBAD-4CDF-A770-EF9F9575F6BA}.Debug|Any CPU.Build.0 = Debug|Any CPU
		{F250457F-FBAD-4CDF-A770-EF9F9575F6BA}.Release|Any CPU.ActiveCfg = Release|Any CPU
		{F250457F-FBAD-4CDF-A770-EF9F9575F6BA}.Release|Any CPU.Build.0 = Release|Any CPU
	EndGlobalSection
	GlobalSection(SolutionProperties) = preSolution
		HideSolutionNode = FALSE
	EndGlobalSection
	GlobalSection(ExtensibilityGlobals) = postSolution
		SolutionGuid = {52778B78-7C12-47EF-9B80-1A550888CD53}
	EndGlobalSection
EndGlobal
