
Microsoft Visual Studio Solution File, Format Version 12.00
# Visual Studio Version 17
VisualStudioVersion = 17.9.34607.119
MinimumVisualStudioVersion = 10.0.40219.1
Project("{FAE04EC0-301F-11D3-BF4B-00C04F79EFBC}") = "Actividad 19", "Actividad 19.csproj", "{C0F22F3E-7B4F-4CBE-973C-48B8F9ED60E3}"
EndProject
Global
	GlobalSection(SolutionConfigurationPlatforms) = preSolution
		Debug|Any CPU = Debug|Any CPU
		Release|Any CPU = Release|Any CPU
	EndGlobalSection
	GlobalSection(ProjectConfigurationPlatforms) = postSolution
		{C0F22F3E-7B4F-4CBE-973C-48B8F9ED60E3}.Debug|Any CPU.ActiveCfg = Debug|Any CPU
		{C0F22F3E-7B4F-4CBE-973C-48B8F9ED60E3}.Debug|Any CPU.Build.0 = Debug|Any CPU
		{C0F22F3E-7B4F-4CBE-973C-48B8F9ED60E3}.Release|Any CPU.ActiveCfg = Release|Any CPU
		{C0F22F3E-7B4F-4CBE-973C-48B8F9ED60E3}.Release|Any CPU.Build.0 = Release|Any CPU
	EndGlobalSection
	GlobalSection(SolutionProperties) = preSolution
		HideSolutionNode = FALSE
	EndGlobalSection
	GlobalSection(ExtensibilityGlobals) = postSolution
		SolutionGuid = {E0D45171-B023-4092-AE68-C8D45B398E58}
	EndGlobalSection
EndGlobal
